
Microsoft Visual Studio Solution File, Format Version 12.00
# Visual Studio Version 17
VisualStudioVersion = 17.2.32516.85
MinimumVisualStudioVersion = 10.0.40219.1
Project("{9A19103F-16F7-4668-BE54-9A1E7A4F7556}") = "DCMS.Client", "Wesley.Client\DCMS.Client.csproj", "{3EB60B72-F56C-464C-95E4-0E79782B93C7}"
EndProject
Project("{FAE04EC0-301F-11D3-BF4B-00C04F79EFBC}") = "DCMS.Client.Android", "Wesley.Client.Android\DCMS.Client.Android.csproj", "{264639DF-49DB-47AE-AF7E-EDC9D04897EF}"
EndProject
Project("{FAE04EC0-301F-11D3-BF4B-00C04F79EFBC}") = "DCMS.Client.iOS", "Wesley.Client.iOS\DCMS.Client.iOS.csproj", "{134D1C97-DDCE-40B8-AC2D-D7230E1E8A30}"
EndProject
Project("{FAE04EC0-301F-11D3-BF4B-00C04F79EFBC}") = "BaiduMapBinding", "Wesley.Map\BaiduMapBinding.csproj", "{248DAAAE-A59C-45B0-9751-E859BBEB8F53}"
EndProject
Project("{2150E333-8FDC-42A3-9474-1A3956D46DE8}") = "App", "App", "{89BEC21E-14F3-4390-BDDE-85DA8E671728}"
EndProject
Project("{9A19103F-16F7-4668-BE54-9A1E7A4F7556}") = "DCMS.ChartJS", "ChartJS\DCMS.ChartJS.csproj", "{77A8819F-201A-444B-A5D1-34B9E2F0B810}"
EndProject
Project("{2150E333-8FDC-42A3-9474-1A3956D46DE8}") = "Binding", "Binding", "{D6BDEADE-06A9-474D-B37F-93FE2890FFD8}"
EndProject
Project("{FAE04EC0-301F-11D3-BF4B-00C04F79EFBC}") = "UltimateBarX", "XCrash\UltimateBarX.csproj", "{625D4D18-7100-4785-A18F-F296E987A40A}"
EndProject
Global
	GlobalSection(SolutionConfigurationPlatforms) = preSolution
		Ad-Hoc|Any CPU = Ad-Hoc|Any CPU
		Ad-Hoc|iPhone = Ad-Hoc|iPhone
		Ad-Hoc|iPhoneSimulator = Ad-Hoc|iPhoneSimulator
		AppStore|Any CPU = AppStore|Any CPU
		AppStore|iPhone = AppStore|iPhone
		AppStore|iPhoneSimulator = AppStore|iPhoneSimulator
		Debug|Any CPU = Debug|Any CPU
		Debug|iPhone = Debug|iPhone
		Debug|iPhoneSimulator = Debug|iPhoneSimulator
		Release|Any CPU = Release|Any CPU
		Release|iPhone = Release|iPhone
		Release|iPhoneSimulator = Release|iPhoneSimulator
	EndGlobalSection
	GlobalSection(ProjectConfigurationPlatforms) = postSolution
		{3EB60B72-F56C-464C-95E4-0E79782B93C7}.Ad-Hoc|Any CPU.ActiveCfg = Debug|Any CPU
		{3EB60B72-F56C-464C-95E4-0E79782B93C7}.Ad-Hoc|Any CPU.Build.0 = Debug|Any CPU
		{3EB60B72-F56C-464C-95E4-0E79782B93C7}.Ad-Hoc|iPhone.ActiveCfg = Debug|Any CPU
		{3EB60B72-F56C-464C-95E4-0E79782B93C7}.Ad-Hoc|iPhone.Build.0 = Debug|Any CPU
		{3EB60B72-F56C-464C-95E4-0E79782B93C7}.Ad-Hoc|iPhoneSimulator.ActiveCfg = Debug|Any CPU
		{3EB60B72-F56C-464C-95E4-0E79782B93C7}.Ad-Hoc|iPhoneSimulator.Build.0 = Debug|Any CPU
		{3EB60B72-F56C-464C-95E4-0E79782B93C7}.AppStore|Any CPU.ActiveCfg = Debug|Any CPU
		{3EB60B72-F56C-464C-95E4-0E79782B93C7}.AppStore|Any CPU.Build.0 = Debug|Any CPU
		{3EB60B72-F56C-464C-95E4-0E79782B93C7}.AppStore|iPhone.ActiveCfg = Debug|Any CPU
		{3EB60B72-F56C-464C-95E4-0E79782B93C7}.AppStore|iPhone.Build.0 = Debug|Any CPU
		{3EB60B72-F56C-464C-95E4-0E79782B93C7}.AppStore|iPhoneSimulator.ActiveCfg = Debug|Any CPU
		{3EB60B72-F56C-464C-95E4-0E79782B93C7}.AppStore|iPhoneSimulator.Build.0 = Debug|Any CPU
		{3EB60B72-F56C-464C-95E4-0E79782B93C7}.Debug|Any CPU.ActiveCfg = Debug|Any CPU
		{3EB60B72-F56C-464C-95E4-0E79782B93C7}.Debug|Any CPU.Build.0 = Debug|Any CPU
		{3EB60B72-F56C-464C-95E4-0E79782B93C7}.Debug|iPhone.ActiveCfg = Debug|Any CPU
		{3EB60B72-F56C-464C-95E4-0E79782B93C7}.Debug|iPhone.Build.0 = Debug|Any CPU
		{3EB60B72-F56C-464C-95E4-0E79782B93C7}.Debug|iPhoneSimulator.ActiveCfg = Debug|Any CPU
		{3EB60B72-F56C-464C-95E4-0E79782B93C7}.Debug|iPhoneSimulator.Build.0 = Debug|Any CPU
		{3EB60B72-F56C-464C-95E4-0E79782B93C7}.Release|Any CPU.ActiveCfg = Release|Any CPU
		{3EB60B72-F56C-464C-95E4-0E79782B93C7}.Release|Any CPU.Build.0 = Release|Any CPU
		{3EB60B72-F56C-464C-95E4-0E79782B93C7}.Release|iPhone.ActiveCfg = Release|Any CPU
		{3EB60B72-F56C-464C-95E4-0E79782B93C7}.Release|iPhone.Build.0 = Release|Any CPU
		{3EB60B72-F56C-464C-95E4-0E79782B93C7}.Release|iPhoneSimulator.ActiveCfg = Release|Any CPU
		{3EB60B72-F56C-464C-95E4-0E79782B93C7}.Release|iPhoneSimulator.Build.0 = Release|Any CPU
		{264639DF-49DB-47AE-AF7E-EDC9D04897EF}.Ad-Hoc|Any CPU.ActiveCfg = Release|Any CPU
		{264639DF-49DB-47AE-AF7E-EDC9D04897EF}.Ad-Hoc|Any CPU.Build.0 = Release|Any CPU
		{264639DF-49DB-47AE-AF7E-EDC9D04897EF}.Ad-Hoc|Any CPU.Deploy.0 = Release|Any CPU
		{264639DF-49DB-47AE-AF7E-EDC9D04897EF}.Ad-Hoc|iPhone.ActiveCfg = Release|Any CPU
		{264639DF-49DB-47AE-AF7E-EDC9D04897EF}.Ad-Hoc|iPhone.Build.0 = Release|Any CPU
		{264639DF-49DB-47AE-AF7E-EDC9D04897EF}.Ad-Hoc|iPhone.Deploy.0 = Release|Any CPU
		{264639DF-49DB-47AE-AF7E-EDC9D04897EF}.Ad-Hoc|iPhoneSimulator.ActiveCfg = Release|Any CPU
		{264639DF-49DB-47AE-AF7E-EDC9D04897EF}.Ad-Hoc|iPhoneSimulator.Build.0 = Release|Any CPU
		{264639DF-49DB-47AE-AF7E-EDC9D04897EF}.Ad-Hoc|iPhoneSimulator.Deploy.0 = Release|Any CPU
		{264639DF-49DB-47AE-AF7E-EDC9D04897EF}.AppStore|Any CPU.ActiveCfg = Release|Any CPU
		{264639DF-49DB-47AE-AF7E-EDC9D04897EF}.AppStore|Any CPU.Build.0 = Release|Any CPU
		{264639DF-49DB-47AE-AF7E-EDC9D04897EF}.AppStore|Any CPU.Deploy.0 = Release|Any CPU
		{264639DF-49DB-47AE-AF7E-EDC9D04897EF}.AppStore|iPhone.ActiveCfg = Release|Any CPU
		{264639DF-49DB-47AE-AF7E-EDC9D04897EF}.AppStore|iPhone.Build.0 = Release|Any CPU
		{264639DF-49DB-47AE-AF7E-EDC9D04897EF}.AppStore|iPhone.Deploy.0 = Release|Any CPU
		{264639DF-49DB-47AE-AF7E-EDC9D04897EF}.AppStore|iPhoneSimulator.ActiveCfg = Release|Any CPU
		{264639DF-49DB-47AE-AF7E-EDC9D04897EF}.AppStore|iPhoneSimulator.Build.0 = Release|Any CPU
		{264639DF-49DB-47AE-AF7E-EDC9D04897EF}.AppStore|iPhoneSimulator.Deploy.0 = Release|Any CPU
		{264639DF-49DB-47AE-AF7E-EDC9D04897EF}.Debug|Any CPU.ActiveCfg = Debug|Any CPU
		{264639DF-49DB-47AE-AF7E-EDC9D04897EF}.Debug|Any CPU.Build.0 = Debug|Any CPU
		{264639DF-49DB-47AE-AF7E-EDC9D04897EF}.Debug|Any CPU.Deploy.0 = Debug|Any CPU
		{264639DF-49DB-47AE-AF7E-EDC9D04897EF}.Debug|iPhone.ActiveCfg = Debug|Any CPU
		{264639DF-49DB-47AE-AF7E-EDC9D04897EF}.Debug|iPhone.Build.0 = Debug|Any CPU
		{264639DF-49DB-47AE-AF7E-EDC9D04897EF}.Debug|iPhone.Deploy.0 = Debug|Any CPU
		{264639DF-49DB-47AE-AF7E-EDC9D04897EF}.Debug|iPhoneSimulator.ActiveCfg = Debug|Any CPU
		{264639DF-49DB-47AE-AF7E-EDC9D04897EF}.Debug|iPhoneSimulator.Build.0 = Debug|Any CPU
		{264639DF-49DB-47AE-AF7E-EDC9D04897EF}.Debug|iPhoneSimulator.Deploy.0 = Debug|Any CPU
		{264639DF-49DB-47AE-AF7E-EDC9D04897EF}.Release|Any CPU.ActiveCfg = Release|Any CPU
		{264639DF-49DB-47AE-AF7E-EDC9D04897EF}.Release|Any CPU.Build.0 = Release|Any CPU
		{264639DF-49DB-47AE-AF7E-EDC9D04897EF}.Release|Any CPU.Deploy.0 = Release|Any CPU
		{264639DF-49DB-47AE-AF7E-EDC9D04897EF}.Release|iPhone.ActiveCfg = Release|Any CPU
		{264639DF-49DB-47AE-AF7E-EDC9D04897EF}.Release|iPhone.Build.0 = Release|Any CPU
		{264639DF-49DB-47AE-AF7E-EDC9D04897EF}.Release|iPhone.Deploy.0 = Release|Any CPU
		{264639DF-49DB-47AE-AF7E-EDC9D04897EF}.Release|iPhoneSimulator.ActiveCfg = Release|Any CPU
		{264639DF-49DB-47AE-AF7E-EDC9D04897EF}.Release|iPhoneSimulator.Build.0 = Release|Any CPU
		{264639DF-49DB-47AE-AF7E-EDC9D04897EF}.Release|iPhoneSimulator.Deploy.0 = Release|Any CPU
		{134D1C97-DDCE-40B8-AC2D-D7230E1E8A30}.Ad-Hoc|Any CPU.ActiveCfg = Ad-Hoc|iPhone
		{134D1C97-DDCE-40B8-AC2D-D7230E1E8A30}.Ad-Hoc|iPhone.ActiveCfg = Ad-Hoc|iPhone
		{134D1C97-DDCE-40B8-AC2D-D7230E1E8A30}.Ad-Hoc|iPhone.Build.0 = Ad-Hoc|iPhone
		{134D1C97-DDCE-40B8-AC2D-D7230E1E8A30}.Ad-Hoc|iPhoneSimulator.ActiveCfg = Ad-Hoc|iPhoneSimulator
		{134D1C97-DDCE-40B8-AC2D-D7230E1E8A30}.Ad-Hoc|iPhoneSimulator.Build.0 = Ad-Hoc|iPhoneSimulator
		{134D1C97-DDCE-40B8-AC2D-D7230E1E8A30}.AppStore|Any CPU.ActiveCfg = AppStore|iPhone
		{134D1C97-DDCE-40B8-AC2D-D7230E1E8A30}.AppStore|iPhone.ActiveCfg = AppStore|iPhone
		{134D1C97-DDCE-40B8-AC2D-D7230E1E8A30}.AppStore|iPhone.Build.0 = AppStore|iPhone
		{134D1C97-DDCE-40B8-AC2D-D7230E1E8A30}.AppStore|iPhoneSimulator.ActiveCfg = AppStore|iPhoneSimulator
		{134D1C97-DDCE-40B8-AC2D-D7230E1E8A30}.AppStore|iPhoneSimulator.Build.0 = AppStore|iPhoneSimulator
		{134D1C97-DDCE-40B8-AC2D-D7230E1E8A30}.Debug|Any CPU.ActiveCfg = Debug|iPhone
		{134D1C97-DDCE-40B8-AC2D-D7230E1E8A30}.Debug|iPhone.ActiveCfg = Debug|iPhone
		{134D1C97-DDCE-40B8-AC2D-D7230E1E8A30}.Debug|iPhone.Build.0 = Debug|iPhone
		{134D1C97-DDCE-40B8-AC2D-D7230E1E8A30}.Debug|iPhoneSimulator.ActiveCfg = Debug|iPhoneSimulator
		{134D1C97-DDCE-40B8-AC2D-D7230E1E8A30}.Debug|iPhoneSimulator.Build.0 = Debug|iPhoneSimulator
		{134D1C97-DDCE-40B8-AC2D-D7230E1E8A30}.Release|Any CPU.ActiveCfg = Release|iPhone
		{134D1C97-DDCE-40B8-AC2D-D7230E1E8A30}.Release|iPhone.ActiveCfg = Release|iPhone
		{134D1C97-DDCE-40B8-AC2D-D7230E1E8A30}.Release|iPhone.Build.0 = Release|iPhone
		{134D1C97-DDCE-40B8-AC2D-D7230E1E8A30}.Release|iPhoneSimulator.ActiveCfg = Release|iPhoneSimulator
		{134D1C97-DDCE-40B8-AC2D-D7230E1E8A30}.Release|iPhoneSimulator.Build.0 = Release|iPhoneSimulator
		{248DAAAE-A59C-45B0-9751-E859BBEB8F53}.Ad-Hoc|Any CPU.ActiveCfg = Release|Any CPU
		{248DAAAE-A59C-45B0-9751-E859BBEB8F53}.Ad-Hoc|Any CPU.Build.0 = Release|Any CPU
		{248DAAAE-A59C-45B0-9751-E859BBEB8F53}.Ad-Hoc|iPhone.ActiveCfg = Release|Any CPU
		{248DAAAE-A59C-45B0-9751-E859BBEB8F53}.Ad-Hoc|iPhone.Build.0 = Release|Any CPU
		{248DAAAE-A59C-45B0-9751-E859BBEB8F53}.Ad-Hoc|iPhoneSimulator.ActiveCfg = Release|Any CPU
		{248DAAAE-A59C-45B0-9751-E859BBEB8F53}.Ad-Hoc|iPhoneSimulator.Build.0 = Release|Any CPU
		{248DAAAE-A59C-45B0-9751-E859BBEB8F53}.AppStore|Any CPU.ActiveCfg = Release|Any CPU
		{248DAAAE-A59C-45B0-9751-E859BBEB8F53}.AppStore|Any CPU.Build.0 = Release|Any CPU
		{248DAAAE-A59C-45B0-9751-E859BBEB8F53}.AppStore|iPhone.ActiveCfg = Release|Any CPU
		{248DAAAE-A59C-45B0-9751-E859BBEB8F53}.AppStore|iPhone.Build.0 = Release|Any CPU
		{248DAAAE-A59C-45B0-9751-E859BBEB8F53}.AppStore|iPhoneSimulator.ActiveCfg = Release|Any CPU
		{248DAAAE-A59C-45B0-9751-E859BBEB8F53}.AppStore|iPhoneSimulator.Build.0 = Release|Any CPU
		{248DAAAE-A59C-45B0-9751-E859BBEB8F53}.Debug|Any CPU.ActiveCfg = Debug|Any CPU
		{248DAAAE-A59C-45B0-9751-E859BBEB8F53}.Debug|Any CPU.Build.0 = Debug|Any CPU
		{248DAAAE-A59C-45B0-9751-E859BBEB8F53}.Debug|iPhone.ActiveCfg = Debug|Any CPU
		{248DAAAE-A59C-45B0-9751-E859BBEB8F53}.Debug|iPhone.Build.0 = Debug|Any CPU
		{248DAAAE-A59C-45B0-9751-E859BBEB8F53}.Debug|iPhoneSimulator.ActiveCfg = Debug|Any CPU
		{248DAAAE-A59C-45B0-9751-E859BBEB8F53}.Debug|iPhoneSimulator.Build.0 = Debug|Any CPU
		{248DAAAE-A59C-45B0-9751-E859BBEB8F53}.Release|Any CPU.ActiveCfg = Release|Any CPU
		{248DAAAE-A59C-45B0-9751-E859BBEB8F53}.Release|Any CPU.Build.0 = Release|Any CPU
		{248DAAAE-A59C-45B0-9751-E859BBEB8F53}.Release|iPhone.ActiveCfg = Release|Any CPU
		{248DAAAE-A59C-45B0-9751-E859BBEB8F53}.Release|iPhone.Build.0 = Release|Any CPU
		{248DAAAE-A59C-45B0-9751-E859BBEB8F53}.Release|iPhoneSimulator.ActiveCfg = Release|Any CPU
		{248DAAAE-A59C-45B0-9751-E859BBEB8F53}.Release|iPhoneSimulator.Build.0 = Release|Any CPU
		{77A8819F-201A-444B-A5D1-34B9E2F0B810}.Ad-Hoc|Any CPU.ActiveCfg = Release|Any CPU
		{77A8819F-201A-444B-A5D1-34B9E2F0B810}.Ad-Hoc|Any CPU.Build.0 = Release|Any CPU
		{77A8819F-201A-444B-A5D1-34B9E2F0B810}.Ad-Hoc|iPhone.ActiveCfg = Release|Any CPU
		{77A8819F-201A-444B-A5D1-34B9E2F0B810}.Ad-Hoc|iPhone.Build.0 = Release|Any CPU
		{77A8819F-201A-444B-A5D1-34B9E2F0B810}.Ad-Hoc|iPhoneSimulator.ActiveCfg = Release|Any CPU
		{77A8819F-201A-444B-A5D1-34B9E2F0B810}.Ad-Hoc|iPhoneSimulator.Build.0 = Release|Any CPU
		{77A8819F-201A-444B-A5D1-34B9E2F0B810}.AppStore|Any CPU.ActiveCfg = Release|Any CPU
		{77A8819F-201A-444B-A5D1-34B9E2F0B810}.AppStore|Any CPU.Build.0 = Release|Any CPU
		{77A8819F-201A-444B-A5D1-34B9E2F0B810}.AppStore|iPhone.ActiveCfg = Release|Any CPU
		{77A8819F-201A-444B-A5D1-34B9E2F0B810}.AppStore|iPhone.Build.0 = Release|Any CPU
		{77A8819F-201A-444B-A5D1-34B9E2F0B810}.AppStore|iPhoneSimulator.ActiveCfg = Release|Any CPU
		{77A8819F-201A-444B-A5D1-34B9E2F0B810}.AppStore|iPhoneSimulator.Build.0 = Release|Any CPU
		{77A8819F-201A-444B-A5D1-34B9E2F0B810}.Debug|Any CPU.ActiveCfg = Debug|Any CPU
		{77A8819F-201A-444B-A5D1-34B9E2F0B810}.Debug|Any CPU.Build.0 = Debug|Any CPU
		{77A8819F-201A-444B-A5D1-34B9E2F0B810}.Debug|iPhone.ActiveCfg = Debug|Any CPU
		{77A8819F-201A-444B-A5D1-34B9E2F0B810}.Debug|iPhone.Build.0 = Debug|Any CPU
		{77A8819F-201A-444B-A5D1-34B9E2F0B810}.Debug|iPhoneSimulator.ActiveCfg = Debug|Any CPU
		{77A8819F-201A-444B-A5D1-34B9E2F0B810}.Debug|iPhoneSimulator.Build.0 = Debug|Any CPU
		{77A8819F-201A-444B-A5D1-34B9E2F0B810}.Release|Any CPU.ActiveCfg = Release|Any CPU
		{77A8819F-201A-444B-A5D1-34B9E2F0B810}.Release|Any CPU.Build.0 = Release|Any CPU
		{77A8819F-201A-444B-A5D1-34B9E2F0B810}.Release|iPhone.ActiveCfg = Release|Any CPU
		{77A8819F-201A-444B-A5D1-34B9E2F0B810}.Release|iPhone.Build.0 = Release|Any CPU
		{77A8819F-201A-444B-A5D1-34B9E2F0B810}.Release|iPhoneSimulator.ActiveCfg = Release|Any CPU
		{77A8819F-201A-444B-A5D1-34B9E2F0B810}.Release|iPhoneSimulator.Build.0 = Release|Any CPU
		{625D4D18-7100-4785-A18F-F296E987A40A}.Ad-Hoc|Any CPU.ActiveCfg = Debug|Any CPU
		{625D4D18-7100-4785-A18F-F296E987A40A}.Ad-Hoc|Any CPU.Build.0 = Debug|Any CPU
		{625D4D18-7100-4785-A18F-F296E987A40A}.Ad-Hoc|iPhone.ActiveCfg = Debug|Any CPU
		{625D4D18-7100-4785-A18F-F296E987A40A}.Ad-Hoc|iPhone.Build.0 = Debug|Any CPU
		{625D4D18-7100-4785-A18F-F296E987A40A}.Ad-Hoc|iPhoneSimulator.ActiveCfg = Debug|Any CPU
		{625D4D18-7100-4785-A18F-F296E987A40A}.Ad-Hoc|iPhoneSimulator.Build.0 = Debug|Any CPU
		{625D4D18-7100-4785-A18F-F296E987A40A}.AppStore|Any CPU.ActiveCfg = Debug|Any CPU
		{625D4D18-7100-4785-A18F-F296E987A40A}.AppStore|Any CPU.Build.0 = Debug|Any CPU
		{625D4D18-7100-4785-A18F-F296E987A40A}.AppStore|iPhone.ActiveCfg = Debug|Any CPU
		{625D4D18-7100-4785-A18F-F296E987A40A}.AppStore|iPhone.Build.0 = Debug|Any CPU
		{625D4D18-7100-4785-A18F-F296E987A40A}.AppStore|iPhoneSimulator.ActiveCfg = Debug|Any CPU
		{625D4D18-7100-4785-A18F-F296E987A40A}.AppStore|iPhoneSimulator.Build.0 = Debug|Any CPU
		{625D4D18-7100-4785-A18F-F296E987A40A}.Debug|Any CPU.ActiveCfg = Debug|Any CPU
		{625D4D18-7100-4785-A18F-F296E987A40A}.Debug|Any CPU.Build.0 = Debug|Any CPU
		{625D4D18-7100-4785-A18F-F296E987A40A}.Debug|iPhone.ActiveCfg = Debug|Any CPU
		{625D4D18-7100-4785-A18F-F296E987A40A}.Debug|iPhone.Build.0 = Debug|Any CPU
		{625D4D18-7100-4785-A18F-F296E987A40A}.Debug|iPhoneSimulator.ActiveCfg = Debug|Any CPU
		{625D4D18-7100-4785-A18F-F296E987A40A}.Debug|iPhoneSimulator.Build.0 = Debug|Any CPU
		{625D4D18-7100-4785-A18F-F296E987A40A}.Release|Any CPU.ActiveCfg = Release|Any CPU
		{625D4D18-7100-4785-A18F-F296E987A40A}.Release|Any CPU.Build.0 = Release|Any CPU
		{625D4D18-7100-4785-A18F-F296E987A40A}.Release|iPhone.ActiveCfg = Release|Any CPU
		{625D4D18-7100-4785-A18F-F296E987A40A}.Release|iPhone.Build.0 = Release|Any CPU
		{625D4D18-7100-4785-A18F-F296E987A40A}.Release|iPhoneSimulator.ActiveCfg = Release|Any CPU
		{625D4D18-7100-4785-A18F-F296E987A40A}.Release|iPhoneSimulator.Build.0 = Release|Any CPU
	EndGlobalSection
	GlobalSection(SolutionProperties) = preSolution
		HideSolutionNode = FALSE
	EndGlobalSection
	GlobalSection(NestedProjects) = preSolution
		{3EB60B72-F56C-464C-95E4-0E79782B93C7} = {89BEC21E-14F3-4390-BDDE-85DA8E671728}
		{264639DF-49DB-47AE-AF7E-EDC9D04897EF} = {89BEC21E-14F3-4390-BDDE-85DA8E671728}
		{134D1C97-DDCE-40B8-AC2D-D7230E1E8A30} = {89BEC21E-14F3-4390-BDDE-85DA8E671728}
		{248DAAAE-A59C-45B0-9751-E859BBEB8F53} = {D6BDEADE-06A9-474D-B37F-93FE2890FFD8}
		{77A8819F-201A-444B-A5D1-34B9E2F0B810} = {89BEC21E-14F3-4390-BDDE-85DA8E671728}
		{625D4D18-7100-4785-A18F-F296E987A40A} = {D6BDEADE-06A9-474D-B37F-93FE2890FFD8}
	EndGlobalSection
	GlobalSection(ExtensibilityGlobals) = postSolution
		SolutionGuid = {CC5E2BE2-5CD4-4978-B6D6-F6415E95CE59}
	EndGlobalSection
EndGlobal
