
Microsoft Visual Studio Solution File, Format Version 12.00
# Visual Studio Version 16
VisualStudioVersion = 16.0.28803.156
MinimumVisualStudioVersion = 10.0.40219.1
Project("{9A19103F-16F7-4668-BE54-9A1E7A4F7556}") = "Wesley.Client", "Wesley.Client\Wesley.Client.csproj", "{3EB60B72-F56C-464C-95E4-0E79782B93C7}"
EndProject
Project("{FAE04EC0-301F-11D3-BF4B-00C04F79EFBC}") = "Wesley.Client.Android", "Wesley.Client.Android\Wesley.Client.Android.csproj", "{264639DF-49DB-47AE-AF7E-EDC9D04897EF}"
EndProject
Project("{FAE04EC0-301F-11D3-BF4B-00C04F79EFBC}") = "Wesley.Client.iOS", "Wesley.Client.iOS\Wesley.Client.iOS.csproj", "{134D1C97-DDCE-40B8-AC2D-D7230E1E8A30}"
EndProject
Project("{FAE04EC0-301F-11D3-BF4B-00C04F79EFBC}") = "BaiduMapBinding", "Wesley.Map\BaiduMapBinding.csproj", "{248DAAAE-A59C-45B0-9751-E859BBEB8F53}"
EndProject
Project("{FAE04EC0-301F-11D3-BF4B-00C04F79EFBC}") = "Wesley.SlideOverKit.Droid", "Wesley.SlideOverKit\Wesley.SlideOverKit.Droid\Wesley.SlideOverKit.Droid.csproj", "{48CFA234-7CB1-4E8C-A370-4AF410F53857}"
EndProject
Project("{FAE04EC0-301F-11D3-BF4B-00C04F79EFBC}") = "Wesley.SlideOverKit.iOS", "Wesley.SlideOverKit\Wesley.SlideOverKit.iOS\Wesley.SlideOverKit.iOS.csproj", "{172A0370-0293-4003-AD03-57419DDDC6BD}"
EndProject
Project("{2150E333-8FDC-42A3-9474-1A3956D46DE8}") = "BitImageEditor", "BitImageEditor", "{0463DDAE-B6D3-49CE-BC5F-B5C02875C14F}"
EndProject
Project("{9A19103F-16F7-4668-BE54-9A1E7A4F7556}") = "Wesley.BitImageEditor", "Wesley.BitImageEditor\Wesley.BitImageEditor\Wesley.BitImageEditor.csproj", "{A74598DE-3587-4DF5-B1E9-B8262FBFBC66}"
EndProject
Project("{FAE04EC0-301F-11D3-BF4B-00C04F79EFBC}") = "Wesley.BitImageEditor.Droid", "Wesley.BitImageEditor\Wesley.BitImageEditor.Droid\Wesley.BitImageEditor.Droid.csproj", "{2C552617-A206-4ECE-8DD2-2BBEC41DFB9A}"
EndProject
Project("{FAE04EC0-301F-11D3-BF4B-00C04F79EFBC}") = "Wesley.BitImageEditor.IOS", "Wesley.BitImageEditor\Wesley.BitImageEditor.IOS\Wesley.BitImageEditor.IOS.csproj", "{5AFB315C-9928-44EC-86B4-F7BE2B96DE6C}"
EndProject
Project("{2150E333-8FDC-42A3-9474-1A3956D46DE8}") = "Map", "Map", "{99DE3FE0-6505-4A10-AFCE-589DCD58C789}"
EndProject
Project("{9A19103F-16F7-4668-BE54-9A1E7A4F7556}") = "Wesley.Easycharts", "Wesley.Easycharts\Wesley.Easycharts.csproj", "{49353A45-2903-4F8C-A10B-20F78D473480}"
EndProject
Project("{9A19103F-16F7-4668-BE54-9A1E7A4F7556}") = "Wesley.SlideOverKit", "Wesley.SlideOverKit\Wesley.SlideOverKit\Wesley.SlideOverKit.csproj", "{4155E1D2-6C0B-4BEE-9762-89950DEEEB3B}"
EndProject
Project("{2150E333-8FDC-42A3-9474-1A3956D46DE8}") = "SlideOverKit", "SlideOverKit", "{13A04959-9773-40F8-BFEF-8BB1BC71BDD2}"
EndProject
Project("{9A19103F-16F7-4668-BE54-9A1E7A4F7556}") = "Wesley.Easycharts.Forms", "Wesley.Easycharts\Easycharts.Forms\Wesley.Easycharts.Forms.csproj", "{D8B052B5-8D2E-47BF-96B0-608F563CDD87}"
EndProject
Project("{2150E333-8FDC-42A3-9474-1A3956D46DE8}") = "Easycharts", "Easycharts", "{48686B39-D0F9-4DDC-9D31-2A8E8555E915}"
EndProject
Global
	GlobalSection(SolutionConfigurationPlatforms) = preSolution
		Ad-Hoc|Any CPU = Ad-Hoc|Any CPU
		Ad-Hoc|iPhone = Ad-Hoc|iPhone
		Ad-Hoc|iPhoneSimulator = Ad-Hoc|iPhoneSimulator
		AppStore|Any CPU = AppStore|Any CPU
		AppStore|iPhone = AppStore|iPhone
		AppStore|iPhoneSimulator = AppStore|iPhoneSimulator
		Debug|Any CPU = Debug|Any CPU
		Debug|iPhone = Debug|iPhone
		Debug|iPhoneSimulator = Debug|iPhoneSimulator
		Release|Any CPU = Release|Any CPU
		Release|iPhone = Release|iPhone
		Release|iPhoneSimulator = Release|iPhoneSimulator
	EndGlobalSection
	GlobalSection(ProjectConfigurationPlatforms) = postSolution
		{3EB60B72-F56C-464C-95E4-0E79782B93C7}.Ad-Hoc|Any CPU.ActiveCfg = Debug|Any CPU
		{3EB60B72-F56C-464C-95E4-0E79782B93C7}.Ad-Hoc|Any CPU.Build.0 = Debug|Any CPU
		{3EB60B72-F56C-464C-95E4-0E79782B93C7}.Ad-Hoc|iPhone.ActiveCfg = Debug|Any CPU
		{3EB60B72-F56C-464C-95E4-0E79782B93C7}.Ad-Hoc|iPhone.Build.0 = Debug|Any CPU
		{3EB60B72-F56C-464C-95E4-0E79782B93C7}.Ad-Hoc|iPhoneSimulator.ActiveCfg = Debug|Any CPU
		{3EB60B72-F56C-464C-95E4-0E79782B93C7}.Ad-Hoc|iPhoneSimulator.Build.0 = Debug|Any CPU
		{3EB60B72-F56C-464C-95E4-0E79782B93C7}.AppStore|Any CPU.ActiveCfg = Debug|Any CPU
		{3EB60B72-F56C-464C-95E4-0E79782B93C7}.AppStore|Any CPU.Build.0 = Debug|Any CPU
		{3EB60B72-F56C-464C-95E4-0E79782B93C7}.AppStore|iPhone.ActiveCfg = Debug|Any CPU
		{3EB60B72-F56C-464C-95E4-0E79782B93C7}.AppStore|iPhone.Build.0 = Debug|Any CPU
		{3EB60B72-F56C-464C-95E4-0E79782B93C7}.AppStore|iPhoneSimulator.ActiveCfg = Debug|Any CPU
		{3EB60B72-F56C-464C-95E4-0E79782B93C7}.AppStore|iPhoneSimulator.Build.0 = Debug|Any CPU
		{3EB60B72-F56C-464C-95E4-0E79782B93C7}.Debug|Any CPU.ActiveCfg = Debug|Any CPU
		{3EB60B72-F56C-464C-95E4-0E79782B93C7}.Debug|Any CPU.Build.0 = Debug|Any CPU
		{3EB60B72-F56C-464C-95E4-0E79782B93C7}.Debug|iPhone.ActiveCfg = Debug|Any CPU
		{3EB60B72-F56C-464C-95E4-0E79782B93C7}.Debug|iPhone.Build.0 = Debug|Any CPU
		{3EB60B72-F56C-464C-95E4-0E79782B93C7}.Debug|iPhoneSimulator.ActiveCfg = Debug|Any CPU
		{3EB60B72-F56C-464C-95E4-0E79782B93C7}.Debug|iPhoneSimulator.Build.0 = Debug|Any CPU
		{3EB60B72-F56C-464C-95E4-0E79782B93C7}.Release|Any CPU.ActiveCfg = Release|Any CPU
		{3EB60B72-F56C-464C-95E4-0E79782B93C7}.Release|Any CPU.Build.0 = Release|Any CPU
		{3EB60B72-F56C-464C-95E4-0E79782B93C7}.Release|iPhone.ActiveCfg = Release|Any CPU
		{3EB60B72-F56C-464C-95E4-0E79782B93C7}.Release|iPhone.Build.0 = Release|Any CPU
		{3EB60B72-F56C-464C-95E4-0E79782B93C7}.Release|iPhoneSimulator.ActiveCfg = Release|Any CPU
		{3EB60B72-F56C-464C-95E4-0E79782B93C7}.Release|iPhoneSimulator.Build.0 = Release|Any CPU
		{264639DF-49DB-47AE-AF7E-EDC9D04897EF}.Ad-Hoc|Any CPU.ActiveCfg = Release|Any CPU
		{264639DF-49DB-47AE-AF7E-EDC9D04897EF}.Ad-Hoc|Any CPU.Build.0 = Release|Any CPU
		{264639DF-49DB-47AE-AF7E-EDC9D04897EF}.Ad-Hoc|Any CPU.Deploy.0 = Release|Any CPU
		{264639DF-49DB-47AE-AF7E-EDC9D04897EF}.Ad-Hoc|iPhone.ActiveCfg = Release|Any CPU
		{264639DF-49DB-47AE-AF7E-EDC9D04897EF}.Ad-Hoc|iPhone.Build.0 = Release|Any CPU
		{264639DF-49DB-47AE-AF7E-EDC9D04897EF}.Ad-Hoc|iPhone.Deploy.0 = Release|Any CPU
		{264639DF-49DB-47AE-AF7E-EDC9D04897EF}.Ad-Hoc|iPhoneSimulator.ActiveCfg = Release|Any CPU
		{264639DF-49DB-47AE-AF7E-EDC9D04897EF}.Ad-Hoc|iPhoneSimulator.Build.0 = Release|Any CPU
		{264639DF-49DB-47AE-AF7E-EDC9D04897EF}.Ad-Hoc|iPhoneSimulator.Deploy.0 = Release|Any CPU
		{264639DF-49DB-47AE-AF7E-EDC9D04897EF}.AppStore|Any CPU.ActiveCfg = Release|Any CPU
		{264639DF-49DB-47AE-AF7E-EDC9D04897EF}.AppStore|Any CPU.Build.0 = Release|Any CPU
		{264639DF-49DB-47AE-AF7E-EDC9D04897EF}.AppStore|Any CPU.Deploy.0 = Release|Any CPU
		{264639DF-49DB-47AE-AF7E-EDC9D04897EF}.AppStore|iPhone.ActiveCfg = Release|Any CPU
		{264639DF-49DB-47AE-AF7E-EDC9D04897EF}.AppStore|iPhone.Build.0 = Release|Any CPU
		{264639DF-49DB-47AE-AF7E-EDC9D04897EF}.AppStore|iPhone.Deploy.0 = Release|Any CPU
		{264639DF-49DB-47AE-AF7E-EDC9D04897EF}.AppStore|iPhoneSimulator.ActiveCfg = Release|Any CPU
		{264639DF-49DB-47AE-AF7E-EDC9D04897EF}.AppStore|iPhoneSimulator.Build.0 = Release|Any CPU
		{264639DF-49DB-47AE-AF7E-EDC9D04897EF}.AppStore|iPhoneSimulator.Deploy.0 = Release|Any CPU
		{264639DF-49DB-47AE-AF7E-EDC9D04897EF}.Debug|Any CPU.ActiveCfg = Debug|Any CPU
		{264639DF-49DB-47AE-AF7E-EDC9D04897EF}.Debug|Any CPU.Build.0 = Debug|Any CPU
		{264639DF-49DB-47AE-AF7E-EDC9D04897EF}.Debug|Any CPU.Deploy.0 = Debug|Any CPU
		{264639DF-49DB-47AE-AF7E-EDC9D04897EF}.Debug|iPhone.ActiveCfg = Debug|Any CPU
		{264639DF-49DB-47AE-AF7E-EDC9D04897EF}.Debug|iPhone.Build.0 = Debug|Any CPU
		{264639DF-49DB-47AE-AF7E-EDC9D04897EF}.Debug|iPhone.Deploy.0 = Debug|Any CPU
		{264639DF-49DB-47AE-AF7E-EDC9D04897EF}.Debug|iPhoneSimulator.ActiveCfg = Debug|Any CPU
		{264639DF-49DB-47AE-AF7E-EDC9D04897EF}.Debug|iPhoneSimulator.Build.0 = Debug|Any CPU
		{264639DF-49DB-47AE-AF7E-EDC9D04897EF}.Debug|iPhoneSimulator.Deploy.0 = Debug|Any CPU
		{264639DF-49DB-47AE-AF7E-EDC9D04897EF}.Release|Any CPU.ActiveCfg = Release|Any CPU
		{264639DF-49DB-47AE-AF7E-EDC9D04897EF}.Release|Any CPU.Build.0 = Release|Any CPU
		{264639DF-49DB-47AE-AF7E-EDC9D04897EF}.Release|Any CPU.Deploy.0 = Release|Any CPU
		{264639DF-49DB-47AE-AF7E-EDC9D04897EF}.Release|iPhone.ActiveCfg = Release|Any CPU
		{264639DF-49DB-47AE-AF7E-EDC9D04897EF}.Release|iPhone.Build.0 = Release|Any CPU
		{264639DF-49DB-47AE-AF7E-EDC9D04897EF}.Release|iPhone.Deploy.0 = Release|Any CPU
		{264639DF-49DB-47AE-AF7E-EDC9D04897EF}.Release|iPhoneSimulator.ActiveCfg = Release|Any CPU
		{264639DF-49DB-47AE-AF7E-EDC9D04897EF}.Release|iPhoneSimulator.Build.0 = Release|Any CPU
		{264639DF-49DB-47AE-AF7E-EDC9D04897EF}.Release|iPhoneSimulator.Deploy.0 = Release|Any CPU
		{134D1C97-DDCE-40B8-AC2D-D7230E1E8A30}.Ad-Hoc|Any CPU.ActiveCfg = Ad-Hoc|iPhone
		{134D1C97-DDCE-40B8-AC2D-D7230E1E8A30}.Ad-Hoc|iPhone.ActiveCfg = Ad-Hoc|iPhone
		{134D1C97-DDCE-40B8-AC2D-D7230E1E8A30}.Ad-Hoc|iPhone.Build.0 = Ad-Hoc|iPhone
		{134D1C97-DDCE-40B8-AC2D-D7230E1E8A30}.Ad-Hoc|iPhoneSimulator.ActiveCfg = Ad-Hoc|iPhoneSimulator
		{134D1C97-DDCE-40B8-AC2D-D7230E1E8A30}.Ad-Hoc|iPhoneSimulator.Build.0 = Ad-Hoc|iPhoneSimulator
		{134D1C97-DDCE-40B8-AC2D-D7230E1E8A30}.AppStore|Any CPU.ActiveCfg = AppStore|iPhone
		{134D1C97-DDCE-40B8-AC2D-D7230E1E8A30}.AppStore|iPhone.ActiveCfg = AppStore|iPhone
		{134D1C97-DDCE-40B8-AC2D-D7230E1E8A30}.AppStore|iPhone.Build.0 = AppStore|iPhone
		{134D1C97-DDCE-40B8-AC2D-D7230E1E8A30}.AppStore|iPhoneSimulator.ActiveCfg = AppStore|iPhoneSimulator
		{134D1C97-DDCE-40B8-AC2D-D7230E1E8A30}.AppStore|iPhoneSimulator.Build.0 = AppStore|iPhoneSimulator
		{134D1C97-DDCE-40B8-AC2D-D7230E1E8A30}.Debug|Any CPU.ActiveCfg = Debug|iPhone
		{134D1C97-DDCE-40B8-AC2D-D7230E1E8A30}.Debug|iPhone.ActiveCfg = Debug|iPhone
		{134D1C97-DDCE-40B8-AC2D-D7230E1E8A30}.Debug|iPhone.Build.0 = Debug|iPhone
		{134D1C97-DDCE-40B8-AC2D-D7230E1E8A30}.Debug|iPhoneSimulator.ActiveCfg = Debug|iPhoneSimulator
		{134D1C97-DDCE-40B8-AC2D-D7230E1E8A30}.Debug|iPhoneSimulator.Build.0 = Debug|iPhoneSimulator
		{134D1C97-DDCE-40B8-AC2D-D7230E1E8A30}.Release|Any CPU.ActiveCfg = Release|iPhone
		{134D1C97-DDCE-40B8-AC2D-D7230E1E8A30}.Release|iPhone.ActiveCfg = Release|iPhone
		{134D1C97-DDCE-40B8-AC2D-D7230E1E8A30}.Release|iPhone.Build.0 = Release|iPhone
		{134D1C97-DDCE-40B8-AC2D-D7230E1E8A30}.Release|iPhoneSimulator.ActiveCfg = Release|iPhoneSimulator
		{134D1C97-DDCE-40B8-AC2D-D7230E1E8A30}.Release|iPhoneSimulator.Build.0 = Release|iPhoneSimulator
		{248DAAAE-A59C-45B0-9751-E859BBEB8F53}.Ad-Hoc|Any CPU.ActiveCfg = Release|Any CPU
		{248DAAAE-A59C-45B0-9751-E859BBEB8F53}.Ad-Hoc|Any CPU.Build.0 = Release|Any CPU
		{248DAAAE-A59C-45B0-9751-E859BBEB8F53}.Ad-Hoc|iPhone.ActiveCfg = Release|Any CPU
		{248DAAAE-A59C-45B0-9751-E859BBEB8F53}.Ad-Hoc|iPhone.Build.0 = Release|Any CPU
		{248DAAAE-A59C-45B0-9751-E859BBEB8F53}.Ad-Hoc|iPhoneSimulator.ActiveCfg = Release|Any CPU
		{248DAAAE-A59C-45B0-9751-E859BBEB8F53}.Ad-Hoc|iPhoneSimulator.Build.0 = Release|Any CPU
		{248DAAAE-A59C-45B0-9751-E859BBEB8F53}.AppStore|Any CPU.ActiveCfg = Release|Any CPU
		{248DAAAE-A59C-45B0-9751-E859BBEB8F53}.AppStore|Any CPU.Build.0 = Release|Any CPU
		{248DAAAE-A59C-45B0-9751-E859BBEB8F53}.AppStore|iPhone.ActiveCfg = Release|Any CPU
		{248DAAAE-A59C-45B0-9751-E859BBEB8F53}.AppStore|iPhone.Build.0 = Release|Any CPU
		{248DAAAE-A59C-45B0-9751-E859BBEB8F53}.AppStore|iPhoneSimulator.ActiveCfg = Release|Any CPU
		{248DAAAE-A59C-45B0-9751-E859BBEB8F53}.AppStore|iPhoneSimulator.Build.0 = Release|Any CPU
		{248DAAAE-A59C-45B0-9751-E859BBEB8F53}.Debug|Any CPU.ActiveCfg = Debug|Any CPU
		{248DAAAE-A59C-45B0-9751-E859BBEB8F53}.Debug|Any CPU.Build.0 = Debug|Any CPU
		{248DAAAE-A59C-45B0-9751-E859BBEB8F53}.Debug|iPhone.ActiveCfg = Debug|Any CPU
		{248DAAAE-A59C-45B0-9751-E859BBEB8F53}.Debug|iPhone.Build.0 = Debug|Any CPU
		{248DAAAE-A59C-45B0-9751-E859BBEB8F53}.Debug|iPhoneSimulator.ActiveCfg = Debug|Any CPU
		{248DAAAE-A59C-45B0-9751-E859BBEB8F53}.Debug|iPhoneSimulator.Build.0 = Debug|Any CPU
		{248DAAAE-A59C-45B0-9751-E859BBEB8F53}.Release|Any CPU.ActiveCfg = Release|Any CPU
		{248DAAAE-A59C-45B0-9751-E859BBEB8F53}.Release|Any CPU.Build.0 = Release|Any CPU
		{248DAAAE-A59C-45B0-9751-E859BBEB8F53}.Release|iPhone.ActiveCfg = Release|Any CPU
		{248DAAAE-A59C-45B0-9751-E859BBEB8F53}.Release|iPhone.Build.0 = Release|Any CPU
		{248DAAAE-A59C-45B0-9751-E859BBEB8F53}.Release|iPhoneSimulator.ActiveCfg = Release|Any CPU
		{248DAAAE-A59C-45B0-9751-E859BBEB8F53}.Release|iPhoneSimulator.Build.0 = Release|Any CPU
		{48CFA234-7CB1-4E8C-A370-4AF410F53857}.Ad-Hoc|Any CPU.ActiveCfg = Release|Any CPU
		{48CFA234-7CB1-4E8C-A370-4AF410F53857}.Ad-Hoc|Any CPU.Build.0 = Release|Any CPU
		{48CFA234-7CB1-4E8C-A370-4AF410F53857}.Ad-Hoc|iPhone.ActiveCfg = Release|Any CPU
		{48CFA234-7CB1-4E8C-A370-4AF410F53857}.Ad-Hoc|iPhone.Build.0 = Release|Any CPU
		{48CFA234-7CB1-4E8C-A370-4AF410F53857}.Ad-Hoc|iPhoneSimulator.ActiveCfg = Release|Any CPU
		{48CFA234-7CB1-4E8C-A370-4AF410F53857}.Ad-Hoc|iPhoneSimulator.Build.0 = Release|Any CPU
		{48CFA234-7CB1-4E8C-A370-4AF410F53857}.AppStore|Any CPU.ActiveCfg = Release|Any CPU
		{48CFA234-7CB1-4E8C-A370-4AF410F53857}.AppStore|Any CPU.Build.0 = Release|Any CPU
		{48CFA234-7CB1-4E8C-A370-4AF410F53857}.AppStore|iPhone.ActiveCfg = Release|Any CPU
		{48CFA234-7CB1-4E8C-A370-4AF410F53857}.AppStore|iPhone.Build.0 = Release|Any CPU
		{48CFA234-7CB1-4E8C-A370-4AF410F53857}.AppStore|iPhoneSimulator.ActiveCfg = Release|Any CPU
		{48CFA234-7CB1-4E8C-A370-4AF410F53857}.AppStore|iPhoneSimulator.Build.0 = Release|Any CPU
		{48CFA234-7CB1-4E8C-A370-4AF410F53857}.Debug|Any CPU.ActiveCfg = Debug|Any CPU
		{48CFA234-7CB1-4E8C-A370-4AF410F53857}.Debug|Any CPU.Build.0 = Debug|Any CPU
		{48CFA234-7CB1-4E8C-A370-4AF410F53857}.Debug|iPhone.ActiveCfg = Debug|Any CPU
		{48CFA234-7CB1-4E8C-A370-4AF410F53857}.Debug|iPhone.Build.0 = Debug|Any CPU
		{48CFA234-7CB1-4E8C-A370-4AF410F53857}.Debug|iPhoneSimulator.ActiveCfg = Debug|Any CPU
		{48CFA234-7CB1-4E8C-A370-4AF410F53857}.Debug|iPhoneSimulator.Build.0 = Debug|Any CPU
		{48CFA234-7CB1-4E8C-A370-4AF410F53857}.Release|Any CPU.ActiveCfg = Release|Any CPU
		{48CFA234-7CB1-4E8C-A370-4AF410F53857}.Release|Any CPU.Build.0 = Release|Any CPU
		{48CFA234-7CB1-4E8C-A370-4AF410F53857}.Release|iPhone.ActiveCfg = Release|Any CPU
		{48CFA234-7CB1-4E8C-A370-4AF410F53857}.Release|iPhone.Build.0 = Release|Any CPU
		{48CFA234-7CB1-4E8C-A370-4AF410F53857}.Release|iPhoneSimulator.ActiveCfg = Release|Any CPU
		{48CFA234-7CB1-4E8C-A370-4AF410F53857}.Release|iPhoneSimulator.Build.0 = Release|Any CPU
		{172A0370-0293-4003-AD03-57419DDDC6BD}.Ad-Hoc|Any CPU.ActiveCfg = Release|Any CPU
		{172A0370-0293-4003-AD03-57419DDDC6BD}.Ad-Hoc|Any CPU.Build.0 = Release|Any CPU
		{172A0370-0293-4003-AD03-57419DDDC6BD}.Ad-Hoc|iPhone.ActiveCfg = Release|Any CPU
		{172A0370-0293-4003-AD03-57419DDDC6BD}.Ad-Hoc|iPhone.Build.0 = Release|Any CPU
		{172A0370-0293-4003-AD03-57419DDDC6BD}.Ad-Hoc|iPhoneSimulator.ActiveCfg = Release|Any CPU
		{172A0370-0293-4003-AD03-57419DDDC6BD}.Ad-Hoc|iPhoneSimulator.Build.0 = Release|Any CPU
		{172A0370-0293-4003-AD03-57419DDDC6BD}.AppStore|Any CPU.ActiveCfg = Release|Any CPU
		{172A0370-0293-4003-AD03-57419DDDC6BD}.AppStore|Any CPU.Build.0 = Release|Any CPU
		{172A0370-0293-4003-AD03-57419DDDC6BD}.AppStore|iPhone.ActiveCfg = Release|Any CPU
		{172A0370-0293-4003-AD03-57419DDDC6BD}.AppStore|iPhone.Build.0 = Release|Any CPU
		{172A0370-0293-4003-AD03-57419DDDC6BD}.AppStore|iPhoneSimulator.ActiveCfg = Release|Any CPU
		{172A0370-0293-4003-AD03-57419DDDC6BD}.AppStore|iPhoneSimulator.Build.0 = Release|Any CPU
		{172A0370-0293-4003-AD03-57419DDDC6BD}.Debug|Any CPU.ActiveCfg = Debug|Any CPU
		{172A0370-0293-4003-AD03-57419DDDC6BD}.Debug|Any CPU.Build.0 = Debug|Any CPU
		{172A0370-0293-4003-AD03-57419DDDC6BD}.Debug|iPhone.ActiveCfg = Debug|Any CPU
		{172A0370-0293-4003-AD03-57419DDDC6BD}.Debug|iPhone.Build.0 = Debug|Any CPU
		{172A0370-0293-4003-AD03-57419DDDC6BD}.Debug|iPhoneSimulator.ActiveCfg = Debug|Any CPU
		{172A0370-0293-4003-AD03-57419DDDC6BD}.Debug|iPhoneSimulator.Build.0 = Debug|Any CPU
		{172A0370-0293-4003-AD03-57419DDDC6BD}.Release|Any CPU.ActiveCfg = Release|Any CPU
		{172A0370-0293-4003-AD03-57419DDDC6BD}.Release|Any CPU.Build.0 = Release|Any CPU
		{172A0370-0293-4003-AD03-57419DDDC6BD}.Release|iPhone.ActiveCfg = Release|Any CPU
		{172A0370-0293-4003-AD03-57419DDDC6BD}.Release|iPhone.Build.0 = Release|Any CPU
		{172A0370-0293-4003-AD03-57419DDDC6BD}.Release|iPhoneSimulator.ActiveCfg = Release|Any CPU
		{172A0370-0293-4003-AD03-57419DDDC6BD}.Release|iPhoneSimulator.Build.0 = Release|Any CPU
		{A74598DE-3587-4DF5-B1E9-B8262FBFBC66}.Ad-Hoc|Any CPU.ActiveCfg = Release|Any CPU
		{A74598DE-3587-4DF5-B1E9-B8262FBFBC66}.Ad-Hoc|Any CPU.Build.0 = Release|Any CPU
		{A74598DE-3587-4DF5-B1E9-B8262FBFBC66}.Ad-Hoc|iPhone.ActiveCfg = Release|Any CPU
		{A74598DE-3587-4DF5-B1E9-B8262FBFBC66}.Ad-Hoc|iPhone.Build.0 = Release|Any CPU
		{A74598DE-3587-4DF5-B1E9-B8262FBFBC66}.Ad-Hoc|iPhoneSimulator.ActiveCfg = Release|Any CPU
		{A74598DE-3587-4DF5-B1E9-B8262FBFBC66}.Ad-Hoc|iPhoneSimulator.Build.0 = Release|Any CPU
		{A74598DE-3587-4DF5-B1E9-B8262FBFBC66}.AppStore|Any CPU.ActiveCfg = Release|Any CPU
		{A74598DE-3587-4DF5-B1E9-B8262FBFBC66}.AppStore|Any CPU.Build.0 = Release|Any CPU
		{A74598DE-3587-4DF5-B1E9-B8262FBFBC66}.AppStore|iPhone.ActiveCfg = Release|Any CPU
		{A74598DE-3587-4DF5-B1E9-B8262FBFBC66}.AppStore|iPhone.Build.0 = Release|Any CPU
		{A74598DE-3587-4DF5-B1E9-B8262FBFBC66}.AppStore|iPhoneSimulator.ActiveCfg = Release|Any CPU
		{A74598DE-3587-4DF5-B1E9-B8262FBFBC66}.AppStore|iPhoneSimulator.Build.0 = Release|Any CPU
		{A74598DE-3587-4DF5-B1E9-B8262FBFBC66}.Debug|Any CPU.ActiveCfg = Debug|Any CPU
		{A74598DE-3587-4DF5-B1E9-B8262FBFBC66}.Debug|Any CPU.Build.0 = Debug|Any CPU
		{A74598DE-3587-4DF5-B1E9-B8262FBFBC66}.Debug|iPhone.ActiveCfg = Debug|Any CPU
		{A74598DE-3587-4DF5-B1E9-B8262FBFBC66}.Debug|iPhone.Build.0 = Debug|Any CPU
		{A74598DE-3587-4DF5-B1E9-B8262FBFBC66}.Debug|iPhoneSimulator.ActiveCfg = Debug|Any CPU
		{A74598DE-3587-4DF5-B1E9-B8262FBFBC66}.Debug|iPhoneSimulator.Build.0 = Debug|Any CPU
		{A74598DE-3587-4DF5-B1E9-B8262FBFBC66}.Release|Any CPU.ActiveCfg = Release|Any CPU
		{A74598DE-3587-4DF5-B1E9-B8262FBFBC66}.Release|Any CPU.Build.0 = Release|Any CPU
		{A74598DE-3587-4DF5-B1E9-B8262FBFBC66}.Release|iPhone.ActiveCfg = Release|Any CPU
		{A74598DE-3587-4DF5-B1E9-B8262FBFBC66}.Release|iPhone.Build.0 = Release|Any CPU
		{A74598DE-3587-4DF5-B1E9-B8262FBFBC66}.Release|iPhoneSimulator.ActiveCfg = Release|Any CPU
		{A74598DE-3587-4DF5-B1E9-B8262FBFBC66}.Release|iPhoneSimulator.Build.0 = Release|Any CPU
		{2C552617-A206-4ECE-8DD2-2BBEC41DFB9A}.Ad-Hoc|Any CPU.ActiveCfg = Debug|Any CPU
		{2C552617-A206-4ECE-8DD2-2BBEC41DFB9A}.Ad-Hoc|Any CPU.Build.0 = Debug|Any CPU
		{2C552617-A206-4ECE-8DD2-2BBEC41DFB9A}.Ad-Hoc|iPhone.ActiveCfg = Debug|Any CPU
		{2C552617-A206-4ECE-8DD2-2BBEC41DFB9A}.Ad-Hoc|iPhone.Build.0 = Debug|Any CPU
		{2C552617-A206-4ECE-8DD2-2BBEC41DFB9A}.Ad-Hoc|iPhoneSimulator.ActiveCfg = Debug|Any CPU
		{2C552617-A206-4ECE-8DD2-2BBEC41DFB9A}.Ad-Hoc|iPhoneSimulator.Build.0 = Debug|Any CPU
		{2C552617-A206-4ECE-8DD2-2BBEC41DFB9A}.AppStore|Any CPU.ActiveCfg = Debug|Any CPU
		{2C552617-A206-4ECE-8DD2-2BBEC41DFB9A}.AppStore|Any CPU.Build.0 = Debug|Any CPU
		{2C552617-A206-4ECE-8DD2-2BBEC41DFB9A}.AppStore|iPhone.ActiveCfg = Debug|Any CPU
		{2C552617-A206-4ECE-8DD2-2BBEC41DFB9A}.AppStore|iPhone.Build.0 = Debug|Any CPU
		{2C552617-A206-4ECE-8DD2-2BBEC41DFB9A}.AppStore|iPhoneSimulator.ActiveCfg = Debug|Any CPU
		{2C552617-A206-4ECE-8DD2-2BBEC41DFB9A}.AppStore|iPhoneSimulator.Build.0 = Debug|Any CPU
		{2C552617-A206-4ECE-8DD2-2BBEC41DFB9A}.Debug|Any CPU.ActiveCfg = Debug|Any CPU
		{2C552617-A206-4ECE-8DD2-2BBEC41DFB9A}.Debug|Any CPU.Build.0 = Debug|Any CPU
		{2C552617-A206-4ECE-8DD2-2BBEC41DFB9A}.Debug|iPhone.ActiveCfg = Debug|Any CPU
		{2C552617-A206-4ECE-8DD2-2BBEC41DFB9A}.Debug|iPhone.Build.0 = Debug|Any CPU
		{2C552617-A206-4ECE-8DD2-2BBEC41DFB9A}.Debug|iPhoneSimulator.ActiveCfg = Debug|Any CPU
		{2C552617-A206-4ECE-8DD2-2BBEC41DFB9A}.Debug|iPhoneSimulator.Build.0 = Debug|Any CPU
		{2C552617-A206-4ECE-8DD2-2BBEC41DFB9A}.Release|Any CPU.ActiveCfg = Release|Any CPU
		{2C552617-A206-4ECE-8DD2-2BBEC41DFB9A}.Release|Any CPU.Build.0 = Release|Any CPU
		{2C552617-A206-4ECE-8DD2-2BBEC41DFB9A}.Release|iPhone.ActiveCfg = Release|Any CPU
		{2C552617-A206-4ECE-8DD2-2BBEC41DFB9A}.Release|iPhone.Build.0 = Release|Any CPU
		{2C552617-A206-4ECE-8DD2-2BBEC41DFB9A}.Release|iPhoneSimulator.ActiveCfg = Release|Any CPU
		{2C552617-A206-4ECE-8DD2-2BBEC41DFB9A}.Release|iPhoneSimulator.Build.0 = Release|Any CPU
		{5AFB315C-9928-44EC-86B4-F7BE2B96DE6C}.Ad-Hoc|Any CPU.ActiveCfg = Debug|Any CPU
		{5AFB315C-9928-44EC-86B4-F7BE2B96DE6C}.Ad-Hoc|Any CPU.Build.0 = Debug|Any CPU
		{5AFB315C-9928-44EC-86B4-F7BE2B96DE6C}.Ad-Hoc|iPhone.ActiveCfg = Debug|Any CPU
		{5AFB315C-9928-44EC-86B4-F7BE2B96DE6C}.Ad-Hoc|iPhone.Build.0 = Debug|Any CPU
		{5AFB315C-9928-44EC-86B4-F7BE2B96DE6C}.Ad-Hoc|iPhoneSimulator.ActiveCfg = Debug|Any CPU
		{5AFB315C-9928-44EC-86B4-F7BE2B96DE6C}.Ad-Hoc|iPhoneSimulator.Build.0 = Debug|Any CPU
		{5AFB315C-9928-44EC-86B4-F7BE2B96DE6C}.AppStore|Any CPU.ActiveCfg = Debug|Any CPU
		{5AFB315C-9928-44EC-86B4-F7BE2B96DE6C}.AppStore|Any CPU.Build.0 = Debug|Any CPU
		{5AFB315C-9928-44EC-86B4-F7BE2B96DE6C}.AppStore|iPhone.ActiveCfg = Debug|Any CPU
		{5AFB315C-9928-44EC-86B4-F7BE2B96DE6C}.AppStore|iPhone.Build.0 = Debug|Any CPU
		{5AFB315C-9928-44EC-86B4-F7BE2B96DE6C}.AppStore|iPhoneSimulator.ActiveCfg = Debug|Any CPU
		{5AFB315C-9928-44EC-86B4-F7BE2B96DE6C}.AppStore|iPhoneSimulator.Build.0 = Debug|Any CPU
		{5AFB315C-9928-44EC-86B4-F7BE2B96DE6C}.Debug|Any CPU.ActiveCfg = Debug|Any CPU
		{5AFB315C-9928-44EC-86B4-F7BE2B96DE6C}.Debug|Any CPU.Build.0 = Debug|Any CPU
		{5AFB315C-9928-44EC-86B4-F7BE2B96DE6C}.Debug|iPhone.ActiveCfg = Debug|Any CPU
		{5AFB315C-9928-44EC-86B4-F7BE2B96DE6C}.Debug|iPhone.Build.0 = Debug|Any CPU
		{5AFB315C-9928-44EC-86B4-F7BE2B96DE6C}.Debug|iPhoneSimulator.ActiveCfg = Debug|Any CPU
		{5AFB315C-9928-44EC-86B4-F7BE2B96DE6C}.Debug|iPhoneSimulator.Build.0 = Debug|Any CPU
		{5AFB315C-9928-44EC-86B4-F7BE2B96DE6C}.Release|Any CPU.ActiveCfg = Release|Any CPU
		{5AFB315C-9928-44EC-86B4-F7BE2B96DE6C}.Release|Any CPU.Build.0 = Release|Any CPU
		{5AFB315C-9928-44EC-86B4-F7BE2B96DE6C}.Release|iPhone.ActiveCfg = Release|Any CPU
		{5AFB315C-9928-44EC-86B4-F7BE2B96DE6C}.Release|iPhone.Build.0 = Release|Any CPU
		{5AFB315C-9928-44EC-86B4-F7BE2B96DE6C}.Release|iPhoneSimulator.ActiveCfg = Release|Any CPU
		{5AFB315C-9928-44EC-86B4-F7BE2B96DE6C}.Release|iPhoneSimulator.Build.0 = Release|Any CPU
		{49353A45-2903-4F8C-A10B-20F78D473480}.Ad-Hoc|Any CPU.ActiveCfg = Debug|Any CPU
		{49353A45-2903-4F8C-A10B-20F78D473480}.Ad-Hoc|Any CPU.Build.0 = Debug|Any CPU
		{49353A45-2903-4F8C-A10B-20F78D473480}.Ad-Hoc|iPhone.ActiveCfg = Debug|Any CPU
		{49353A45-2903-4F8C-A10B-20F78D473480}.Ad-Hoc|iPhone.Build.0 = Debug|Any CPU
		{49353A45-2903-4F8C-A10B-20F78D473480}.Ad-Hoc|iPhoneSimulator.ActiveCfg = Debug|Any CPU
		{49353A45-2903-4F8C-A10B-20F78D473480}.Ad-Hoc|iPhoneSimulator.Build.0 = Debug|Any CPU
		{49353A45-2903-4F8C-A10B-20F78D473480}.AppStore|Any CPU.ActiveCfg = Debug|Any CPU
		{49353A45-2903-4F8C-A10B-20F78D473480}.AppStore|Any CPU.Build.0 = Debug|Any CPU
		{49353A45-2903-4F8C-A10B-20F78D473480}.AppStore|iPhone.ActiveCfg = Debug|Any CPU
		{49353A45-2903-4F8C-A10B-20F78D473480}.AppStore|iPhone.Build.0 = Debug|Any CPU
		{49353A45-2903-4F8C-A10B-20F78D473480}.AppStore|iPhoneSimulator.ActiveCfg = Debug|Any CPU
		{49353A45-2903-4F8C-A10B-20F78D473480}.AppStore|iPhoneSimulator.Build.0 = Debug|Any CPU
		{49353A45-2903-4F8C-A10B-20F78D473480}.Debug|Any CPU.ActiveCfg = Debug|Any CPU
		{49353A45-2903-4F8C-A10B-20F78D473480}.Debug|Any CPU.Build.0 = Debug|Any CPU
		{49353A45-2903-4F8C-A10B-20F78D473480}.Debug|iPhone.ActiveCfg = Debug|Any CPU
		{49353A45-2903-4F8C-A10B-20F78D473480}.Debug|iPhone.Build.0 = Debug|Any CPU
		{49353A45-2903-4F8C-A10B-20F78D473480}.Debug|iPhoneSimulator.ActiveCfg = Debug|Any CPU
		{49353A45-2903-4F8C-A10B-20F78D473480}.Debug|iPhoneSimulator.Build.0 = Debug|Any CPU
		{49353A45-2903-4F8C-A10B-20F78D473480}.Release|Any CPU.ActiveCfg = Release|Any CPU
		{49353A45-2903-4F8C-A10B-20F78D473480}.Release|Any CPU.Build.0 = Release|Any CPU
		{49353A45-2903-4F8C-A10B-20F78D473480}.Release|iPhone.ActiveCfg = Release|Any CPU
		{49353A45-2903-4F8C-A10B-20F78D473480}.Release|iPhone.Build.0 = Release|Any CPU
		{49353A45-2903-4F8C-A10B-20F78D473480}.Release|iPhoneSimulator.ActiveCfg = Release|Any CPU
		{49353A45-2903-4F8C-A10B-20F78D473480}.Release|iPhoneSimulator.Build.0 = Release|Any CPU
		{4155E1D2-6C0B-4BEE-9762-89950DEEEB3B}.Ad-Hoc|Any CPU.ActiveCfg = Debug|Any CPU
		{4155E1D2-6C0B-4BEE-9762-89950DEEEB3B}.Ad-Hoc|Any CPU.Build.0 = Debug|Any CPU
		{4155E1D2-6C0B-4BEE-9762-89950DEEEB3B}.Ad-Hoc|iPhone.ActiveCfg = Debug|Any CPU
		{4155E1D2-6C0B-4BEE-9762-89950DEEEB3B}.Ad-Hoc|iPhone.Build.0 = Debug|Any CPU
		{4155E1D2-6C0B-4BEE-9762-89950DEEEB3B}.Ad-Hoc|iPhoneSimulator.ActiveCfg = Debug|Any CPU
		{4155E1D2-6C0B-4BEE-9762-89950DEEEB3B}.Ad-Hoc|iPhoneSimulator.Build.0 = Debug|Any CPU
		{4155E1D2-6C0B-4BEE-9762-89950DEEEB3B}.AppStore|Any CPU.ActiveCfg = Debug|Any CPU
		{4155E1D2-6C0B-4BEE-9762-89950DEEEB3B}.AppStore|Any CPU.Build.0 = Debug|Any CPU
		{4155E1D2-6C0B-4BEE-9762-89950DEEEB3B}.AppStore|iPhone.ActiveCfg = Debug|Any CPU
		{4155E1D2-6C0B-4BEE-9762-89950DEEEB3B}.AppStore|iPhone.Build.0 = Debug|Any CPU
		{4155E1D2-6C0B-4BEE-9762-89950DEEEB3B}.AppStore|iPhoneSimulator.ActiveCfg = Debug|Any CPU
		{4155E1D2-6C0B-4BEE-9762-89950DEEEB3B}.AppStore|iPhoneSimulator.Build.0 = Debug|Any CPU
		{4155E1D2-6C0B-4BEE-9762-89950DEEEB3B}.Debug|Any CPU.ActiveCfg = Debug|Any CPU
		{4155E1D2-6C0B-4BEE-9762-89950DEEEB3B}.Debug|Any CPU.Build.0 = Debug|Any CPU
		{4155E1D2-6C0B-4BEE-9762-89950DEEEB3B}.Debug|iPhone.ActiveCfg = Debug|Any CPU
		{4155E1D2-6C0B-4BEE-9762-89950DEEEB3B}.Debug|iPhone.Build.0 = Debug|Any CPU
		{4155E1D2-6C0B-4BEE-9762-89950DEEEB3B}.Debug|iPhoneSimulator.ActiveCfg = Debug|Any CPU
		{4155E1D2-6C0B-4BEE-9762-89950DEEEB3B}.Debug|iPhoneSimulator.Build.0 = Debug|Any CPU
		{4155E1D2-6C0B-4BEE-9762-89950DEEEB3B}.Release|Any CPU.ActiveCfg = Release|Any CPU
		{4155E1D2-6C0B-4BEE-9762-89950DEEEB3B}.Release|Any CPU.Build.0 = Release|Any CPU
		{4155E1D2-6C0B-4BEE-9762-89950DEEEB3B}.Release|iPhone.ActiveCfg = Release|Any CPU
		{4155E1D2-6C0B-4BEE-9762-89950DEEEB3B}.Release|iPhone.Build.0 = Release|Any CPU
		{4155E1D2-6C0B-4BEE-9762-89950DEEEB3B}.Release|iPhoneSimulator.ActiveCfg = Release|Any CPU
		{4155E1D2-6C0B-4BEE-9762-89950DEEEB3B}.Release|iPhoneSimulator.Build.0 = Release|Any CPU
		{D8B052B5-8D2E-47BF-96B0-608F563CDD87}.Ad-Hoc|Any CPU.ActiveCfg = Debug|Any CPU
		{D8B052B5-8D2E-47BF-96B0-608F563CDD87}.Ad-Hoc|Any CPU.Build.0 = Debug|Any CPU
		{D8B052B5-8D2E-47BF-96B0-608F563CDD87}.Ad-Hoc|iPhone.ActiveCfg = Debug|Any CPU
		{D8B052B5-8D2E-47BF-96B0-608F563CDD87}.Ad-Hoc|iPhone.Build.0 = Debug|Any CPU
		{D8B052B5-8D2E-47BF-96B0-608F563CDD87}.Ad-Hoc|iPhoneSimulator.ActiveCfg = Debug|Any CPU
		{D8B052B5-8D2E-47BF-96B0-608F563CDD87}.Ad-Hoc|iPhoneSimulator.Build.0 = Debug|Any CPU
		{D8B052B5-8D2E-47BF-96B0-608F563CDD87}.AppStore|Any CPU.ActiveCfg = Debug|Any CPU
		{D8B052B5-8D2E-47BF-96B0-608F563CDD87}.AppStore|Any CPU.Build.0 = Debug|Any CPU
		{D8B052B5-8D2E-47BF-96B0-608F563CDD87}.AppStore|iPhone.ActiveCfg = Debug|Any CPU
		{D8B052B5-8D2E-47BF-96B0-608F563CDD87}.AppStore|iPhone.Build.0 = Debug|Any CPU
		{D8B052B5-8D2E-47BF-96B0-608F563CDD87}.AppStore|iPhoneSimulator.ActiveCfg = Debug|Any CPU
		{D8B052B5-8D2E-47BF-96B0-608F563CDD87}.AppStore|iPhoneSimulator.Build.0 = Debug|Any CPU
		{D8B052B5-8D2E-47BF-96B0-608F563CDD87}.Debug|Any CPU.ActiveCfg = Debug|Any CPU
		{D8B052B5-8D2E-47BF-96B0-608F563CDD87}.Debug|Any CPU.Build.0 = Debug|Any CPU
		{D8B052B5-8D2E-47BF-96B0-608F563CDD87}.Debug|iPhone.ActiveCfg = Debug|Any CPU
		{D8B052B5-8D2E-47BF-96B0-608F563CDD87}.Debug|iPhone.Build.0 = Debug|Any CPU
		{D8B052B5-8D2E-47BF-96B0-608F563CDD87}.Debug|iPhoneSimulator.ActiveCfg = Debug|Any CPU
		{D8B052B5-8D2E-47BF-96B0-608F563CDD87}.Debug|iPhoneSimulator.Build.0 = Debug|Any CPU
		{D8B052B5-8D2E-47BF-96B0-608F563CDD87}.Release|Any CPU.ActiveCfg = Release|Any CPU
		{D8B052B5-8D2E-47BF-96B0-608F563CDD87}.Release|Any CPU.Build.0 = Release|Any CPU
		{D8B052B5-8D2E-47BF-96B0-608F563CDD87}.Release|iPhone.ActiveCfg = Release|Any CPU
		{D8B052B5-8D2E-47BF-96B0-608F563CDD87}.Release|iPhone.Build.0 = Release|Any CPU
		{D8B052B5-8D2E-47BF-96B0-608F563CDD87}.Release|iPhoneSimulator.ActiveCfg = Release|Any CPU
		{D8B052B5-8D2E-47BF-96B0-608F563CDD87}.Release|iPhoneSimulator.Build.0 = Release|Any CPU
	EndGlobalSection
	GlobalSection(SolutionProperties) = preSolution
		HideSolutionNode = FALSE
	EndGlobalSection
	GlobalSection(NestedProjects) = preSolution
		{248DAAAE-A59C-45B0-9751-E859BBEB8F53} = {99DE3FE0-6505-4A10-AFCE-589DCD58C789}
		{48CFA234-7CB1-4E8C-A370-4AF410F53857} = {13A04959-9773-40F8-BFEF-8BB1BC71BDD2}
		{172A0370-0293-4003-AD03-57419DDDC6BD} = {13A04959-9773-40F8-BFEF-8BB1BC71BDD2}
		{A74598DE-3587-4DF5-B1E9-B8262FBFBC66} = {0463DDAE-B6D3-49CE-BC5F-B5C02875C14F}
		{2C552617-A206-4ECE-8DD2-2BBEC41DFB9A} = {0463DDAE-B6D3-49CE-BC5F-B5C02875C14F}
		{5AFB315C-9928-44EC-86B4-F7BE2B96DE6C} = {0463DDAE-B6D3-49CE-BC5F-B5C02875C14F}
		{49353A45-2903-4F8C-A10B-20F78D473480} = {48686B39-D0F9-4DDC-9D31-2A8E8555E915}
		{4155E1D2-6C0B-4BEE-9762-89950DEEEB3B} = {13A04959-9773-40F8-BFEF-8BB1BC71BDD2}
		{D8B052B5-8D2E-47BF-96B0-608F563CDD87} = {48686B39-D0F9-4DDC-9D31-2A8E8555E915}
	EndGlobalSection
	GlobalSection(ExtensibilityGlobals) = postSolution
		SolutionGuid = {CC5E2BE2-5CD4-4978-B6D6-F6415E95CE59}
	EndGlobalSection
EndGlobal
